<?xml version="1.0" encoding="utf-8"?>
<Project ToolsVersion="4.0" xmlns="http://schemas.microsoft.com/developer/msbuild/2003">
  <ItemGroup>
    <Filter Include="Source Files">
      <UniqueIdentifier>{b19aeefd-8f92-416a-95a1-1dec6a64df66}</UniqueIdentifier>
    </Filter>
    <Filter Include="Header Files">
      <UniqueIdentifier>{9479817e-9cad-4972-8689-06b3bcf759ea}</UniqueIdentifier>
    </Filter>
  </ItemGroup>
  <ItemGroup>
    <ClCompile Include="test_the_spire.cpp">
      <Filter>Source Files</Filter>
    </ClCompile>
  </ItemGroup>
  <ItemGroup>
    <ClInclude Include="..\SolveTheSpire\action.hpp">
      <Filter>Header Files</Filter>
    </ClInclude>
    <ClInclude Include="..\SolveTheSpire\buff_state.hpp">
      <Filter>Header Files</Filter>
    </ClInclude>
    <ClInclude Include="..\SolveTheSpire\card_collection.hpp">
      <Filter>Header Files</Filter>
    </ClInclude>
    <ClInclude Include="..\SolveTheSpire\card_collection_map.hpp">
      <Filter>Header Files</Filter>
    </ClInclude>
    <ClInclude Include="..\SolveTheSpire\cards.hpp">
      <Filter>Header Files</Filter>
    </ClInclude>
    <ClInclude Include="..\SolveTheSpire\cards_colorless.hpp">
      <Filter>Header Files</Filter>
    </ClInclude>
    <ClInclude Include="..\SolveTheSpire\cards_ironclad.hpp">
      <Filter>Header Files</Filter>
    </ClInclude>
    <ClInclude Include="..\SolveTheSpire\cards_status.hpp">
      <Filter>Header Files</Filter>
    </ClInclude>
    <ClInclude Include="..\SolveTheSpire\defines.h">
      <Filter>Header Files</Filter>
    </ClInclude>
    <ClInclude Include="..\SolveTheSpire\fight.hpp">
      <Filter>Header Files</Filter>
    </ClInclude>
    <ClInclude Include="..\SolveTheSpire\monster.hpp">
      <Filter>Header Files</Filter>
    </ClInclude>
    <ClInclude Include="..\SolveTheSpire\node.hpp">
      <Filter>Header Files</Filter>
    </ClInclude>
    <ClInclude Include="..\SolveTheSpire\orbs.hpp">
      <Filter>Header Files</Filter>
    </ClInclude>
    <ClInclude Include="..\SolveTheSpire\presets.hpp">
      <Filter>Header Files</Filter>
    </ClInclude>
    <ClInclude Include="..\SolveTheSpire\relics.hpp">
      <Filter>Header Files</Filter>
    </ClInclude>
    <ClInclude Include="..\SolveTheSpire\stopwatch.hpp">
      <Filter>Header Files</Filter>
    </ClInclude>
  </ItemGroup>
</Project>